
Microsoft Visual Studio Solution File, Format Version 12.00
# Visual Studio Version 17
VisualStudioVersion = 17.0.31903.59
MinimumVisualStudioVersion = 10.0.40219.1
Project("{FAE04EC0-301F-11D3-BF4B-00C04F79EFBC}") = "LinkedList", "LinkedList\LinkedList.csproj", "{695CB455-C294-4754-A5AC-CDC9EFEF4357}"
EndProject
Project("{FAE04EC0-301F-11D3-BF4B-00C04F79EFBC}") = "Tests", "Tests\Tests.csproj", "{B5781DBD-EF5B-473F-AF8F-1394177C1BC1}"
EndProject
Project("{FAE04EC0-301F-11D3-BF4B-00C04F79EFBC}") = "Array", "Array\Array.csproj", "{E751FB7D-81CC-4082-833B-5206A62B2D87}"
EndProject
Project("{FAE04EC0-301F-11D3-BF4B-00C04F79EFBC}") = "Stack", "Stack\Stack.csproj", "{479776A6-8ED2-43E2-B315-AC8D557BB0D8}"
EndProject
Project("{FAE04EC0-301F-11D3-BF4B-00C04F79EFBC}") = "Queue", "Queue\Queue.csproj", "{2B1D6E35-F676-405B-A53E-60346FC0CA0E}"
EndProject
Project("{FAE04EC0-301F-11D3-BF4B-00C04F79EFBC}") = "BSTree", "BSTree\BSTree.csproj", "{1E540190-F528-4D36-B92B-7FB6505A0730}"
EndProject
Global
	GlobalSection(SolutionConfigurationPlatforms) = preSolution
		Debug|Any CPU = Debug|Any CPU
		Release|Any CPU = Release|Any CPU
	EndGlobalSection
	GlobalSection(SolutionProperties) = preSolution
		HideSolutionNode = FALSE
	EndGlobalSection
	GlobalSection(ProjectConfigurationPlatforms) = postSolution
		{695CB455-C294-4754-A5AC-CDC9EFEF4357}.Debug|Any CPU.ActiveCfg = Debug|Any CPU
		{695CB455-C294-4754-A5AC-CDC9EFEF4357}.Debug|Any CPU.Build.0 = Debug|Any CPU
		{695CB455-C294-4754-A5AC-CDC9EFEF4357}.Release|Any CPU.ActiveCfg = Release|Any CPU
		{695CB455-C294-4754-A5AC-CDC9EFEF4357}.Release|Any CPU.Build.0 = Release|Any CPU
		{B5781DBD-EF5B-473F-AF8F-1394177C1BC1}.Debug|Any CPU.ActiveCfg = Debug|Any CPU
		{B5781DBD-EF5B-473F-AF8F-1394177C1BC1}.Debug|Any CPU.Build.0 = Debug|Any CPU
		{B5781DBD-EF5B-473F-AF8F-1394177C1BC1}.Release|Any CPU.ActiveCfg = Release|Any CPU
		{B5781DBD-EF5B-473F-AF8F-1394177C1BC1}.Release|Any CPU.Build.0 = Release|Any CPU
		{E751FB7D-81CC-4082-833B-5206A62B2D87}.Debug|Any CPU.ActiveCfg = Debug|Any CPU
		{E751FB7D-81CC-4082-833B-5206A62B2D87}.Debug|Any CPU.Build.0 = Debug|Any CPU
		{E751FB7D-81CC-4082-833B-5206A62B2D87}.Release|Any CPU.ActiveCfg = Release|Any CPU
		{E751FB7D-81CC-4082-833B-5206A62B2D87}.Release|Any CPU.Build.0 = Release|Any CPU
		{479776A6-8ED2-43E2-B315-AC8D557BB0D8}.Debug|Any CPU.ActiveCfg = Debug|Any CPU
		{479776A6-8ED2-43E2-B315-AC8D557BB0D8}.Debug|Any CPU.Build.0 = Debug|Any CPU
		{479776A6-8ED2-43E2-B315-AC8D557BB0D8}.Release|Any CPU.ActiveCfg = Release|Any CPU
		{479776A6-8ED2-43E2-B315-AC8D557BB0D8}.Release|Any CPU.Build.0 = Release|Any CPU
		{2B1D6E35-F676-405B-A53E-60346FC0CA0E}.Debug|Any CPU.ActiveCfg = Debug|Any CPU
		{2B1D6E35-F676-405B-A53E-60346FC0CA0E}.Debug|Any CPU.Build.0 = Debug|Any CPU
		{2B1D6E35-F676-405B-A53E-60346FC0CA0E}.Release|Any CPU.ActiveCfg = Release|Any CPU
		{2B1D6E35-F676-405B-A53E-60346FC0CA0E}.Release|Any CPU.Build.0 = Release|Any CPU
		{1E540190-F528-4D36-B92B-7FB6505A0730}.Debug|Any CPU.ActiveCfg = Debug|Any CPU
		{1E540190-F528-4D36-B92B-7FB6505A0730}.Debug|Any CPU.Build.0 = Debug|Any CPU
		{1E540190-F528-4D36-B92B-7FB6505A0730}.Release|Any CPU.ActiveCfg = Release|Any CPU
		{1E540190-F528-4D36-B92B-7FB6505A0730}.Release|Any CPU.Build.0 = Release|Any CPU
	EndGlobalSection
EndGlobal
